// !$*UTF8*$!
{
	archiveVersion = 1;
	classes = {
	};
	objectVersion = 55;
	objects = {

/* Begin PBXBuildFile section */
		121DAD9A288C77EC004BFA63 /* SecondViewController.swift in Sources */ = {isa = PBXBuildFile; fileRef = 121DAD98288C77EC004BFA63 /* SecondViewController.swift */; };
		121DAD9B288C77EC004BFA63 /* SecondViewController.xib in Resources */ = {isa = PBXBuildFile; fileRef = 121DAD99288C77EC004BFA63 /* SecondViewController.xib */; };
		121DAD9D288CC64B004BFA63 /* ELTestableViewController.swift in Sources */ = {isa = PBXBuildFile; fileRef = 121DAD9C288CC64B004BFA63 /* ELTestableViewController.swift */; };
		121DADA0288CFCD6004BFA63 /* Model.swift in Sources */ = {isa = PBXBuildFile; fileRef = 121DAD9F288CFCD6004BFA63 /* Model.swift */; };
		121DADA2288CFDD3004BFA63 /* TestScreenData.swift in Sources */ = {isa = PBXBuildFile; fileRef = 121DADA1288CFDD3004BFA63 /* TestScreenData.swift */; };
		121DADA4288CFF4E004BFA63 /* ELTestableModel.swift in Sources */ = {isa = PBXBuildFile; fileRef = 121DADA3288CFF4E004BFA63 /* ELTestableModel.swift */; };
		121FD614296BED990082C273 /* NSObject+Mutable.swift in Sources */ = {isa = PBXBuildFile; fileRef = 121FD613296BED990082C273 /* NSObject+Mutable.swift */; };
		121FD618296BF9380082C273 /* EmployeeCell.xib in Resources */ = {isa = PBXBuildFile; fileRef = 121FD616296BF9380082C273 /* EmployeeCell.xib */; };
		121FD619296BF9380082C273 /* EmployeeCell.swift in Sources */ = {isa = PBXBuildFile; fileRef = 121FD617296BF9380082C273 /* EmployeeCell.swift */; };
		1246DB22296919CD0038F34F /* UINavigationController+Extension.swift in Sources */ = {isa = PBXBuildFile; fileRef = 1246DB20296919CD0038F34F /* UINavigationController+Extension.swift */; };
		1246DB23296919CD0038F34F /* Data+Extension.swift in Sources */ = {isa = PBXBuildFile; fileRef = 1246DB21296919CD0038F34F /* Data+Extension.swift */; };
		1246DB2929691B0A0038F34F /* WMInterfaceData.swift in Sources */ = {isa = PBXBuildFile; fileRef = 1246DB2529691B0A0038F34F /* WMInterfaceData.swift */; };
		1246DB2A29691B0A0038F34F /* UITableView.swift in Sources */ = {isa = PBXBuildFile; fileRef = 1246DB2629691B0A0038F34F /* UITableView.swift */; };
		1246DB2B29691B0A0038F34F /* CollectionUtils.swift in Sources */ = {isa = PBXBuildFile; fileRef = 1246DB2729691B0A0038F34F /* CollectionUtils.swift */; };
		1246DB2C29691B0A0038F34F /* WMWeakReferenseContainer.swift in Sources */ = {isa = PBXBuildFile; fileRef = 1246DB2829691B0A0038F34F /* WMWeakReferenseContainer.swift */; };
		1246DB2E29691D8A0038F34F /* HttpRequestHelper.swift in Sources */ = {isa = PBXBuildFile; fileRef = 1246DB2D29691D8A0038F34F /* HttpRequestHelper.swift */; };
		1246DB3029691DA90038F34F /* EmployeesService.swift in Sources */ = {isa = PBXBuildFile; fileRef = 1246DB2F29691DA90038F34F /* EmployeesService.swift */; };
		1246DB3229691DCD0038F34F /* Employee.swift in Sources */ = {isa = PBXBuildFile; fileRef = 1246DB3129691DCD0038F34F /* Employee.swift */; };
		1246DB35296925FB0038F34F /* WMUpdatableDataProvider.swift in Sources */ = {isa = PBXBuildFile; fileRef = 1246DB34296925FB0038F34F /* WMUpdatableDataProvider.swift */; };
		1246DB37296926370038F34F /* WMModelManager.swift in Sources */ = {isa = PBXBuildFile; fileRef = 1246DB36296926370038F34F /* WMModelManager.swift */; };
		1246DB39296A62340038F34F /* NetworkService.swift in Sources */ = {isa = PBXBuildFile; fileRef = 1246DB38296A62340038F34F /* NetworkService.swift */; };
		12903206288024900024364C /* AppDelegate.swift in Sources */ = {isa = PBXBuildFile; fileRef = 12903205288024900024364C /* AppDelegate.swift */; };
		12903208288024900024364C /* SceneDelegate.swift in Sources */ = {isa = PBXBuildFile; fileRef = 12903207288024900024364C /* SceneDelegate.swift */; };
		1290320F288024920024364C /* Assets.xcassets in Resources */ = {isa = PBXBuildFile; fileRef = 1290320E288024920024364C /* Assets.xcassets */; };
		12903212288024920024364C /* LaunchScreen.storyboard in Resources */ = {isa = PBXBuildFile; fileRef = 12903210288024920024364C /* LaunchScreen.storyboard */; };
		1290321B288024DE0024364C /* RootViewController.swift in Sources */ = {isa = PBXBuildFile; fileRef = 12903219288024DE0024364C /* RootViewController.swift */; };
		1290321C288024DE0024364C /* RootViewController.xib in Resources */ = {isa = PBXBuildFile; fileRef = 1290321A288024DE0024364C /* RootViewController.xib */; };
		12903223288065B70024364C /* .swiftlint.yml in Resources */ = {isa = PBXBuildFile; fileRef = 12903222288065B70024364C /* .swiftlint.yml */; };
		12903226288197FB0024364C /* ObjcTestClass.m in Sources */ = {isa = PBXBuildFile; fileRef = 12903225288197FB0024364C /* ObjcTestClass.m */; };
		1290322A2881B6290024364C /* AVFAudio.framework in Frameworks */ = {isa = PBXBuildFile; fileRef = 129032292881B6290024364C /* AVFAudio.framework */; };
		12AB96AB2884E42D005D3458 /* ELProxyUtils.swift in Sources */ = {isa = PBXBuildFile; fileRef = 12AB96A62884E42D005D3458 /* ELProxyUtils.swift */; };
		12AB96AC2884E42D005D3458 /* ELPRequestClient.swift in Sources */ = {isa = PBXBuildFile; fileRef = 12AB96A72884E42D005D3458 /* ELPRequestClient.swift */; };
		12AB96AD2884E42D005D3458 /* ELPClientRequestMessages.swift in Sources */ = {isa = PBXBuildFile; fileRef = 12AB96A82884E42D005D3458 /* ELPClientRequestMessages.swift */; };
		12AB96AE2884E42D005D3458 /* IOSAutotestMessageManager.swift in Sources */ = {isa = PBXBuildFile; fileRef = 12AB96A92884E42D005D3458 /* IOSAutotestMessageManager.swift */; };
		12AB96AF2884E42D005D3458 /* ELPRequestClientMessageManager.swift in Sources */ = {isa = PBXBuildFile; fileRef = 12AB96AA2884E42D005D3458 /* ELPRequestClientMessageManager.swift */; };
		12EDC0572968E16A00328C61 /* ELAutotestModel.swift in Sources */ = {isa = PBXBuildFile; fileRef = 12EDC0562968E16A00328C61 /* ELAutotestModel.swift */; };
		12EDC0592968E18B00328C61 /* ELAutotestModelManager.swift in Sources */ = {isa = PBXBuildFile; fileRef = 12EDC0582968E18B00328C61 /* ELAutotestModelManager.swift */; };
		12EDC05D2968E61700328C61 /* ATListViewController.swift in Sources */ = {isa = PBXBuildFile; fileRef = 12EDC05B2968E61700328C61 /* ATListViewController.swift */; };
		12EDC05E2968E61700328C61 /* ATListViewController.xib in Resources */ = {isa = PBXBuildFile; fileRef = 12EDC05C2968E61700328C61 /* ATListViewController.xib */; };
		12EDC0602968E62A00328C61 /* ATListViewControllerModel.swift in Sources */ = {isa = PBXBuildFile; fileRef = 12EDC05F2968E62A00328C61 /* ATListViewControllerModel.swift */; };
		12EDC0622968E6B500328C61 /* UIViewController+Extensions.swift in Sources */ = {isa = PBXBuildFile; fileRef = 12EDC0612968E6B500328C61 /* UIViewController+Extensions.swift */; };
		12EDC0642968E70D00328C61 /* ATListViewControllerManager.swift in Sources */ = {isa = PBXBuildFile; fileRef = 12EDC0632968E70D00328C61 /* ATListViewControllerManager.swift */; };
		12EDC0662968E7BE00328C61 /* ATListViewControllerPresenter.swift in Sources */ = {isa = PBXBuildFile; fileRef = 12EDC0652968E7BE00328C61 /* ATListViewControllerPresenter.swift */; };
/* End PBXBuildFile section */

/* Begin PBXFileReference section */
		121DAD98288C77EC004BFA63 /* SecondViewController.swift */ = {isa = PBXFileReference; lastKnownFileType = sourcecode.swift; path = SecondViewController.swift; sourceTree = "<group>"; };
		121DAD99288C77EC004BFA63 /* SecondViewController.xib */ = {isa = PBXFileReference; lastKnownFileType = file.xib; path = SecondViewController.xib; sourceTree = "<group>"; };
		121DAD9C288CC64B004BFA63 /* ELTestableViewController.swift */ = {isa = PBXFileReference; lastKnownFileType = sourcecode.swift; path = ELTestableViewController.swift; sourceTree = "<group>"; };
		121DAD9F288CFCD6004BFA63 /* Model.swift */ = {isa = PBXFileReference; lastKnownFileType = sourcecode.swift; path = Model.swift; sourceTree = "<group>"; };
		121DADA1288CFDD3004BFA63 /* TestScreenData.swift */ = {isa = PBXFileReference; lastKnownFileType = sourcecode.swift; path = TestScreenData.swift; sourceTree = "<group>"; };
		121DADA3288CFF4E004BFA63 /* ELTestableModel.swift */ = {isa = PBXFileReference; lastKnownFileType = sourcecode.swift; path = ELTestableModel.swift; sourceTree = "<group>"; };
		121FD613296BED990082C273 /* NSObject+Mutable.swift */ = {isa = PBXFileReference; lastKnownFileType = sourcecode.swift; path = "NSObject+Mutable.swift"; sourceTree = "<group>"; };
		121FD616296BF9380082C273 /* EmployeeCell.xib */ = {isa = PBXFileReference; fileEncoding = 4; lastKnownFileType = file.xib; path = EmployeeCell.xib; sourceTree = "<group>"; };
		121FD617296BF9380082C273 /* EmployeeCell.swift */ = {isa = PBXFileReference; fileEncoding = 4; lastKnownFileType = sourcecode.swift; path = EmployeeCell.swift; sourceTree = "<group>"; };
		1246DB20296919CD0038F34F /* UINavigationController+Extension.swift */ = {isa = PBXFileReference; fileEncoding = 4; lastKnownFileType = sourcecode.swift; path = "UINavigationController+Extension.swift"; sourceTree = "<group>"; };
		1246DB21296919CD0038F34F /* Data+Extension.swift */ = {isa = PBXFileReference; fileEncoding = 4; lastKnownFileType = sourcecode.swift; path = "Data+Extension.swift"; sourceTree = "<group>"; };
		1246DB2529691B0A0038F34F /* WMInterfaceData.swift */ = {isa = PBXFileReference; fileEncoding = 4; lastKnownFileType = sourcecode.swift; path = WMInterfaceData.swift; sourceTree = "<group>"; };
		1246DB2629691B0A0038F34F /* UITableView.swift */ = {isa = PBXFileReference; fileEncoding = 4; lastKnownFileType = sourcecode.swift; path = UITableView.swift; sourceTree = "<group>"; };
		1246DB2729691B0A0038F34F /* CollectionUtils.swift */ = {isa = PBXFileReference; fileEncoding = 4; lastKnownFileType = sourcecode.swift; path = CollectionUtils.swift; sourceTree = "<group>"; };
		1246DB2829691B0A0038F34F /* WMWeakReferenseContainer.swift */ = {isa = PBXFileReference; fileEncoding = 4; lastKnownFileType = sourcecode.swift; path = WMWeakReferenseContainer.swift; sourceTree = "<group>"; };
		1246DB2D29691D8A0038F34F /* HttpRequestHelper.swift */ = {isa = PBXFileReference; lastKnownFileType = sourcecode.swift; path = HttpRequestHelper.swift; sourceTree = "<group>"; };
		1246DB2F29691DA90038F34F /* EmployeesService.swift */ = {isa = PBXFileReference; lastKnownFileType = sourcecode.swift; path = EmployeesService.swift; sourceTree = "<group>"; };
		1246DB3129691DCD0038F34F /* Employee.swift */ = {isa = PBXFileReference; lastKnownFileType = sourcecode.swift; path = Employee.swift; sourceTree = "<group>"; };
		1246DB34296925FB0038F34F /* WMUpdatableDataProvider.swift */ = {isa = PBXFileReference; fileEncoding = 4; lastKnownFileType = sourcecode.swift; path = WMUpdatableDataProvider.swift; sourceTree = "<group>"; };
		1246DB36296926370038F34F /* WMModelManager.swift */ = {isa = PBXFileReference; fileEncoding = 4; lastKnownFileType = sourcecode.swift; path = WMModelManager.swift; sourceTree = "<group>"; };
		1246DB38296A62340038F34F /* NetworkService.swift */ = {isa = PBXFileReference; lastKnownFileType = sourcecode.swift; path = NetworkService.swift; sourceTree = "<group>"; };
		12903202288024900024364C /* ELIOSAutoTest.app */ = {isa = PBXFileReference; explicitFileType = wrapper.application; includeInIndex = 0; path = ELIOSAutoTest.app; sourceTree = BUILT_PRODUCTS_DIR; };
		12903205288024900024364C /* AppDelegate.swift */ = {isa = PBXFileReference; lastKnownFileType = sourcecode.swift; path = AppDelegate.swift; sourceTree = "<group>"; };
		12903207288024900024364C /* SceneDelegate.swift */ = {isa = PBXFileReference; lastKnownFileType = sourcecode.swift; path = SceneDelegate.swift; sourceTree = "<group>"; };
		1290320E288024920024364C /* Assets.xcassets */ = {isa = PBXFileReference; lastKnownFileType = folder.assetcatalog; path = Assets.xcassets; sourceTree = "<group>"; };
		12903211288024920024364C /* Base */ = {isa = PBXFileReference; lastKnownFileType = file.storyboard; name = Base; path = Base.lproj/LaunchScreen.storyboard; sourceTree = "<group>"; };
		12903213288024920024364C /* Info.plist */ = {isa = PBXFileReference; lastKnownFileType = text.plist.xml; path = Info.plist; sourceTree = "<group>"; };
		12903219288024DE0024364C /* RootViewController.swift */ = {isa = PBXFileReference; lastKnownFileType = sourcecode.swift; path = RootViewController.swift; sourceTree = "<group>"; };
		1290321A288024DE0024364C /* RootViewController.xib */ = {isa = PBXFileReference; lastKnownFileType = file.xib; path = RootViewController.xib; sourceTree = "<group>"; };
		12903222288065B70024364C /* .swiftlint.yml */ = {isa = PBXFileReference; lastKnownFileType = text.yaml; path = .swiftlint.yml; sourceTree = "<group>"; };
		12903224288197FB0024364C /* ELIOSAutoTest-Bridging-Header.h */ = {isa = PBXFileReference; lastKnownFileType = sourcecode.c.h; path = "ELIOSAutoTest-Bridging-Header.h"; sourceTree = "<group>"; };
		12903225288197FB0024364C /* ObjcTestClass.m */ = {isa = PBXFileReference; lastKnownFileType = sourcecode.c.objc; path = ObjcTestClass.m; sourceTree = "<group>"; };
		1290322728819A120024364C /* ObjcTestClass.h */ = {isa = PBXFileReference; lastKnownFileType = sourcecode.c.h; path = ObjcTestClass.h; sourceTree = "<group>"; };
		129032292881B6290024364C /* AVFAudio.framework */ = {isa = PBXFileReference; lastKnownFileType = wrapper.framework; name = AVFAudio.framework; path = System/Library/Frameworks/AVFAudio.framework; sourceTree = SDKROOT; };
		12AB96A62884E42D005D3458 /* ELProxyUtils.swift */ = {isa = PBXFileReference; fileEncoding = 4; lastKnownFileType = sourcecode.swift; path = ELProxyUtils.swift; sourceTree = "<group>"; };
		12AB96A72884E42D005D3458 /* ELPRequestClient.swift */ = {isa = PBXFileReference; fileEncoding = 4; lastKnownFileType = sourcecode.swift; path = ELPRequestClient.swift; sourceTree = "<group>"; };
		12AB96A82884E42D005D3458 /* ELPClientRequestMessages.swift */ = {isa = PBXFileReference; fileEncoding = 4; lastKnownFileType = sourcecode.swift; path = ELPClientRequestMessages.swift; sourceTree = "<group>"; };
		12AB96A92884E42D005D3458 /* IOSAutotestMessageManager.swift */ = {isa = PBXFileReference; fileEncoding = 4; lastKnownFileType = sourcecode.swift; path = IOSAutotestMessageManager.swift; sourceTree = "<group>"; };
		12AB96AA2884E42D005D3458 /* ELPRequestClientMessageManager.swift */ = {isa = PBXFileReference; fileEncoding = 4; lastKnownFileType = sourcecode.swift; path = ELPRequestClientMessageManager.swift; sourceTree = "<group>"; };
		12EDC0562968E16A00328C61 /* ELAutotestModel.swift */ = {isa = PBXFileReference; lastKnownFileType = sourcecode.swift; path = ELAutotestModel.swift; sourceTree = "<group>"; };
		12EDC0582968E18B00328C61 /* ELAutotestModelManager.swift */ = {isa = PBXFileReference; lastKnownFileType = sourcecode.swift; path = ELAutotestModelManager.swift; sourceTree = "<group>"; };
		12EDC05B2968E61700328C61 /* ATListViewController.swift */ = {isa = PBXFileReference; lastKnownFileType = sourcecode.swift; path = ATListViewController.swift; sourceTree = "<group>"; };
		12EDC05C2968E61700328C61 /* ATListViewController.xib */ = {isa = PBXFileReference; lastKnownFileType = file.xib; path = ATListViewController.xib; sourceTree = "<group>"; };
		12EDC05F2968E62A00328C61 /* ATListViewControllerModel.swift */ = {isa = PBXFileReference; lastKnownFileType = sourcecode.swift; path = ATListViewControllerModel.swift; sourceTree = "<group>"; };
		12EDC0612968E6B500328C61 /* UIViewController+Extensions.swift */ = {isa = PBXFileReference; lastKnownFileType = sourcecode.swift; path = "UIViewController+Extensions.swift"; sourceTree = "<group>"; };
		12EDC0632968E70D00328C61 /* ATListViewControllerManager.swift */ = {isa = PBXFileReference; lastKnownFileType = sourcecode.swift; path = ATListViewControllerManager.swift; sourceTree = "<group>"; };
		12EDC0652968E7BE00328C61 /* ATListViewControllerPresenter.swift */ = {isa = PBXFileReference; lastKnownFileType = sourcecode.swift; path = ATListViewControllerPresenter.swift; sourceTree = "<group>"; };
/* End PBXFileReference section */

/* Begin PBXFrameworksBuildPhase section */
		129031FF288024900024364C /* Frameworks */ = {
			isa = PBXFrameworksBuildPhase;
			buildActionMask = 2147483647;
			files = (
				1290322A2881B6290024364C /* AVFAudio.framework in Frameworks */,
			);
			runOnlyForDeploymentPostprocessing = 0;
		};
/* End PBXFrameworksBuildPhase section */

/* Begin PBXGroup section */
		121DAD9E288CC69A004BFA63 /* ELAutotest */ = {
			isa = PBXGroup;
			children = (
				121DAD9C288CC64B004BFA63 /* ELTestableViewController.swift */,
				12AB96A92884E42D005D3458 /* IOSAutotestMessageManager.swift */,
				12AB96A52884E42D005D3458 /* Client */,
				121DADA1288CFDD3004BFA63 /* TestScreenData.swift */,
				121DADA3288CFF4E004BFA63 /* ELTestableModel.swift */,
			);
			path = ELAutotest;
			sourceTree = "<group>";
		};
		121FD615296BF9380082C273 /* Cell */ = {
			isa = PBXGroup;
			children = (
				121FD616296BF9380082C273 /* EmployeeCell.xib */,
				121FD617296BF9380082C273 /* EmployeeCell.swift */,
			);
			path = Cell;
			sourceTree = "<group>";
		};
		1246DB24296919D10038F34F /* extensions */ = {
			isa = PBXGroup;
			children = (
				1246DB36296926370038F34F /* WMModelManager.swift */,
				1246DB34296925FB0038F34F /* WMUpdatableDataProvider.swift */,
				1246DB2729691B0A0038F34F /* CollectionUtils.swift */,
				1246DB2629691B0A0038F34F /* UITableView.swift */,
				1246DB2529691B0A0038F34F /* WMInterfaceData.swift */,
				1246DB2829691B0A0038F34F /* WMWeakReferenseContainer.swift */,
				1246DB21296919CD0038F34F /* Data+Extension.swift */,
				1246DB20296919CD0038F34F /* UINavigationController+Extension.swift */,
				12EDC0612968E6B500328C61 /* UIViewController+Extensions.swift */,
				121FD613296BED990082C273 /* NSObject+Mutable.swift */,
			);
			path = extensions;
			sourceTree = "<group>";
		};
		1246DB3329691EA00038F34F /* model */ = {
			isa = PBXGroup;
			children = (
				1246DB2F29691DA90038F34F /* EmployeesService.swift */,
				1246DB3129691DCD0038F34F /* Employee.swift */,
			);
			path = model;
			sourceTree = "<group>";
		};
		1246DB3A296A8F710038F34F /* network */ = {
			isa = PBXGroup;
			children = (
				1246DB2D29691D8A0038F34F /* HttpRequestHelper.swift */,
				1246DB38296A62340038F34F /* NetworkService.swift */,
			);
			path = network;
			sourceTree = "<group>";
		};
		129031F9288024900024364C = {
			isa = PBXGroup;
			children = (
				12903204288024900024364C /* ELIOSAutoTest */,
				12903203288024900024364C /* Products */,
				129032282881B6280024364C /* Frameworks */,
			);
			sourceTree = "<group>";
		};
		12903203288024900024364C /* Products */ = {
			isa = PBXGroup;
			children = (
				12903202288024900024364C /* ELIOSAutoTest.app */,
			);
			name = Products;
			sourceTree = "<group>";
		};
		12903204288024900024364C /* ELIOSAutoTest */ = {
			isa = PBXGroup;
			children = (
				1246DB3A296A8F710038F34F /* network */,
				1246DB3329691EA00038F34F /* model */,
				1246DB24296919D10038F34F /* extensions */,
				12EDC0552968E14300328C61 /* ViewControllers */,
				121DAD9E288CC69A004BFA63 /* ELAutotest */,
				1290321E288024FA0024364C /* AppDelegate */,
				1290320E288024920024364C /* Assets.xcassets */,
				12903222288065B70024364C /* .swiftlint.yml */,
				12903213288024920024364C /* Info.plist */,
			);
			path = ELIOSAutoTest;
			sourceTree = "<group>";
		};
		1290321D288024EB0024364C /* ViewControllers2 */ = {
			isa = PBXGroup;
			children = (
				12903219288024DE0024364C /* RootViewController.swift */,
				1290321A288024DE0024364C /* RootViewController.xib */,
				121DAD98288C77EC004BFA63 /* SecondViewController.swift */,
				121DAD99288C77EC004BFA63 /* SecondViewController.xib */,
			);
			path = ViewControllers2;
			sourceTree = "<group>";
		};
		1290321E288024FA0024364C /* AppDelegate */ = {
			isa = PBXGroup;
			children = (
				12903205288024900024364C /* AppDelegate.swift */,
				12903207288024900024364C /* SceneDelegate.swift */,
				12903210288024920024364C /* LaunchScreen.storyboard */,
				12903225288197FB0024364C /* ObjcTestClass.m */,
				1290322728819A120024364C /* ObjcTestClass.h */,
				12903224288197FB0024364C /* ELIOSAutoTest-Bridging-Header.h */,
				121DAD9F288CFCD6004BFA63 /* Model.swift */,
			);
			path = AppDelegate;
			sourceTree = "<group>";
		};
		129032282881B6280024364C /* Frameworks */ = {
			isa = PBXGroup;
			children = (
				129032292881B6290024364C /* AVFAudio.framework */,
			);
			name = Frameworks;
			sourceTree = "<group>";
		};
		12AB96A52884E42D005D3458 /* Client */ = {
			isa = PBXGroup;
			children = (
				12AB96A62884E42D005D3458 /* ELProxyUtils.swift */,
				12AB96A72884E42D005D3458 /* ELPRequestClient.swift */,
				12AB96A82884E42D005D3458 /* ELPClientRequestMessages.swift */,
				12AB96AA2884E42D005D3458 /* ELPRequestClientMessageManager.swift */,
			);
			path = Client;
			sourceTree = "<group>";
		};
		12EDC0552968E14300328C61 /* ViewControllers */ = {
			isa = PBXGroup;
			children = (
				1290321D288024EB0024364C /* ViewControllers2 */,
				12EDC05A2968E5DC00328C61 /* ATListViewController */,
				12EDC0562968E16A00328C61 /* ELAutotestModel.swift */,
				12EDC0582968E18B00328C61 /* ELAutotestModelManager.swift */,
			);
			path = ViewControllers;
			sourceTree = "<group>";
		};
		12EDC05A2968E5DC00328C61 /* ATListViewController */ = {
			isa = PBXGroup;
			children = (
				121FD615296BF9380082C273 /* Cell */,
				12EDC05B2968E61700328C61 /* ATListViewController.swift */,
				12EDC05C2968E61700328C61 /* ATListViewController.xib */,
				12EDC05F2968E62A00328C61 /* ATListViewControllerModel.swift */,
				12EDC0632968E70D00328C61 /* ATListViewControllerManager.swift */,
				12EDC0652968E7BE00328C61 /* ATListViewControllerPresenter.swift */,
			);
			path = ATListViewController;
			sourceTree = "<group>";
		};
/* End PBXGroup section */

/* Begin PBXNativeTarget section */
		12903201288024900024364C /* ELIOSAutoTest */ = {
			isa = PBXNativeTarget;
			buildConfigurationList = 12903216288024920024364C /* Build configuration list for PBXNativeTarget "ELIOSAutoTest" */;
			buildPhases = (
				129031FE288024900024364C /* Sources */,
				129031FF288024900024364C /* Frameworks */,
				12903200288024900024364C /* Resources */,
				1290321F2880260C0024364C /* ShellScript */,
			);
			buildRules = (
			);
			dependencies = (
			);
			name = ELIOSAutoTest;
			productName = ELIOSAutoTest;
			productReference = 12903202288024900024364C /* ELIOSAutoTest.app */;
			productType = "com.apple.product-type.application";
		};
/* End PBXNativeTarget section */

/* Begin PBXProject section */
		129031FA288024900024364C /* Project object */ = {
			isa = PBXProject;
			attributes = {
				BuildIndependentTargetsInParallel = 1;
				LastSwiftUpdateCheck = 1340;
				LastUpgradeCheck = 1340;
				TargetAttributes = {
					12903201288024900024364C = {
						CreatedOnToolsVersion = 13.4.1;
						LastSwiftMigration = 1340;
					};
				};
			};
			buildConfigurationList = 129031FD288024900024364C /* Build configuration list for PBXProject "ELIOSAutoTest" */;
			compatibilityVersion = "Xcode 13.0";
			developmentRegion = en;
			hasScannedForEncodings = 0;
			knownRegions = (
				en,
				Base,
			);
			mainGroup = 129031F9288024900024364C;
			productRefGroup = 12903203288024900024364C /* Products */;
			projectDirPath = "";
			projectRoot = "";
			targets = (
				12903201288024900024364C /* ELIOSAutoTest */,
			);
		};
/* End PBXProject section */

/* Begin PBXResourcesBuildPhase section */
		12903200288024900024364C /* Resources */ = {
			isa = PBXResourcesBuildPhase;
			buildActionMask = 2147483647;
			files = (
				12903223288065B70024364C /* .swiftlint.yml in Resources */,
				121FD618296BF9380082C273 /* EmployeeCell.xib in Resources */,
				12EDC05E2968E61700328C61 /* ATListViewController.xib in Resources */,
				12903212288024920024364C /* LaunchScreen.storyboard in Resources */,
				1290320F288024920024364C /* Assets.xcassets in Resources */,
				1290321C288024DE0024364C /* RootViewController.xib in Resources */,
				121DAD9B288C77EC004BFA63 /* SecondViewController.xib in Resources */,
			);
			runOnlyForDeploymentPostprocessing = 0;
		};
/* End PBXResourcesBuildPhase section */

/* Begin PBXShellScriptBuildPhase section */
		1290321F2880260C0024364C /* ShellScript */ = {
			isa = PBXShellScriptBuildPhase;
			buildActionMask = 2147483647;
			files = (
			);
			inputFileListPaths = (
			);
			inputPaths = (
			);
			outputFileListPaths = (
			);
			outputPaths = (
			);
			runOnlyForDeploymentPostprocessing = 0;
			shellPath = /bin/sh;
			shellScript = "# Type a script or drag a script file from your workspace to insert its path.\nif which swiftlint >/dev/null; then\n  swiftlint\n#else\n  #echo \"warning: SwiftLint not installed, download from https://github.com/realm/SwiftLint\"\nfi\n";
		};
/* End PBXShellScriptBuildPhase section */

/* Begin PBXSourcesBuildPhase section */
		129031FE288024900024364C /* Sources */ = {
			isa = PBXSourcesBuildPhase;
			buildActionMask = 2147483647;
			files = (
				12903206288024900024364C /* AppDelegate.swift in Sources */,
				12EDC0572968E16A00328C61 /* ELAutotestModel.swift in Sources */,
				12AB96AD2884E42D005D3458 /* ELPClientRequestMessages.swift in Sources */,
				1246DB35296925FB0038F34F /* WMUpdatableDataProvider.swift in Sources */,
				12EDC0602968E62A00328C61 /* ATListViewControllerModel.swift in Sources */,
				12EDC0662968E7BE00328C61 /* ATListViewControllerPresenter.swift in Sources */,
				121DADA2288CFDD3004BFA63 /* TestScreenData.swift in Sources */,
				121DAD9D288CC64B004BFA63 /* ELTestableViewController.swift in Sources */,
				121FD614296BED990082C273 /* NSObject+Mutable.swift in Sources */,
				121FD619296BF9380082C273 /* EmployeeCell.swift in Sources */,
				12EDC0622968E6B500328C61 /* UIViewController+Extensions.swift in Sources */,
				121DADA0288CFCD6004BFA63 /* Model.swift in Sources */,
				1246DB3029691DA90038F34F /* EmployeesService.swift in Sources */,
				12903208288024900024364C /* SceneDelegate.swift in Sources */,
				121DADA4288CFF4E004BFA63 /* ELTestableModel.swift in Sources */,
				12903226288197FB0024364C /* ObjcTestClass.m in Sources */,
				1246DB3229691DCD0038F34F /* Employee.swift in Sources */,
				1246DB2A29691B0A0038F34F /* UITableView.swift in Sources */,
				1246DB23296919CD0038F34F /* Data+Extension.swift in Sources */,
				12AB96AF2884E42D005D3458 /* ELPRequestClientMessageManager.swift in Sources */,
				1246DB22296919CD0038F34F /* UINavigationController+Extension.swift in Sources */,
				1246DB2929691B0A0038F34F /* WMInterfaceData.swift in Sources */,
				12EDC05D2968E61700328C61 /* ATListViewController.swift in Sources */,
				12EDC0642968E70D00328C61 /* ATListViewControllerManager.swift in Sources */,
				1246DB39296A62340038F34F /* NetworkService.swift in Sources */,
				1246DB2E29691D8A0038F34F /* HttpRequestHelper.swift in Sources */,
				1246DB2B29691B0A0038F34F /* CollectionUtils.swift in Sources */,
				12AB96AB2884E42D005D3458 /* ELProxyUtils.swift in Sources */,
				1246DB2C29691B0A0038F34F /* WMWeakReferenseContainer.swift in Sources */,
				12AB96AE2884E42D005D3458 /* IOSAutotestMessageManager.swift in Sources */,
				12AB96AC2884E42D005D3458 /* ELPRequestClient.swift in Sources */,
				12EDC0592968E18B00328C61 /* ELAutotestModelManager.swift in Sources */,
				121DAD9A288C77EC004BFA63 /* SecondViewController.swift in Sources */,
				1290321B288024DE0024364C /* RootViewController.swift in Sources */,
				1246DB37296926370038F34F /* WMModelManager.swift in Sources */,
			);
			runOnlyForDeploymentPostprocessing = 0;
		};
/* End PBXSourcesBuildPhase section */

/* Begin PBXVariantGroup section */
		12903210288024920024364C /* LaunchScreen.storyboard */ = {
			isa = PBXVariantGroup;
			children = (
				12903211288024920024364C /* Base */,
			);
			name = LaunchScreen.storyboard;
			sourceTree = "<group>";
		};
/* End PBXVariantGroup section */

/* Begin XCBuildConfiguration section */
		12903214288024920024364C /* Debug */ = {
			isa = XCBuildConfiguration;
			buildSettings = {
				ALWAYS_SEARCH_USER_PATHS = NO;
				CLANG_ANALYZER_NONNULL = YES;
				CLANG_ANALYZER_NUMBER_OBJECT_CONVERSION = YES_AGGRESSIVE;
				CLANG_CXX_LANGUAGE_STANDARD = "gnu++17";
				CLANG_ENABLE_MODULES = YES;
				CLANG_ENABLE_OBJC_ARC = YES;
				CLANG_ENABLE_OBJC_WEAK = YES;
				CLANG_WARN_BLOCK_CAPTURE_AUTORELEASING = YES;
				CLANG_WARN_BOOL_CONVERSION = YES;
				CLANG_WARN_COMMA = YES;
				CLANG_WARN_CONSTANT_CONVERSION = YES;
				CLANG_WARN_DEPRECATED_OBJC_IMPLEMENTATIONS = YES;
				CLANG_WARN_DIRECT_OBJC_ISA_USAGE = YES_ERROR;
				CLANG_WARN_DOCUMENTATION_COMMENTS = YES;
				CLANG_WARN_EMPTY_BODY = YES;
				CLANG_WARN_ENUM_CONVERSION = YES;
				CLANG_WARN_INFINITE_RECURSION = YES;
				CLANG_WARN_INT_CONVERSION = YES;
				CLANG_WARN_NON_LITERAL_NULL_CONVERSION = YES;
				CLANG_WARN_OBJC_IMPLICIT_RETAIN_SELF = YES;
				CLANG_WARN_OBJC_LITERAL_CONVERSION = YES;
				CLANG_WARN_OBJC_ROOT_CLASS = YES_ERROR;
				CLANG_WARN_QUOTED_INCLUDE_IN_FRAMEWORK_HEADER = YES;
				CLANG_WARN_RANGE_LOOP_ANALYSIS = YES;
				CLANG_WARN_STRICT_PROTOTYPES = YES;
				CLANG_WARN_SUSPICIOUS_MOVE = YES;
				CLANG_WARN_UNGUARDED_AVAILABILITY = YES_AGGRESSIVE;
				CLANG_WARN_UNREACHABLE_CODE = YES;
				CLANG_WARN__DUPLICATE_METHOD_MATCH = YES;
				COPY_PHASE_STRIP = NO;
				DEBUG_INFORMATION_FORMAT = dwarf;
				ENABLE_STRICT_OBJC_MSGSEND = YES;
				ENABLE_TESTABILITY = YES;
				GCC_C_LANGUAGE_STANDARD = gnu11;
				GCC_DYNAMIC_NO_PIC = NO;
				GCC_NO_COMMON_BLOCKS = YES;
				GCC_OPTIMIZATION_LEVEL = 0;
				GCC_PREPROCESSOR_DEFINITIONS = (
					"DEBUG=1",
					"$(inherited)",
				);
				GCC_WARN_64_TO_32_BIT_CONVERSION = YES;
				GCC_WARN_ABOUT_RETURN_TYPE = YES_ERROR;
				GCC_WARN_UNDECLARED_SELECTOR = YES;
				GCC_WARN_UNINITIALIZED_AUTOS = YES_AGGRESSIVE;
				GCC_WARN_UNUSED_FUNCTION = YES;
				GCC_WARN_UNUSED_VARIABLE = YES;
				IPHONEOS_DEPLOYMENT_TARGET = 15.5;
				MTL_ENABLE_DEBUG_INFO = INCLUDE_SOURCE;
				MTL_FAST_MATH = YES;
				ONLY_ACTIVE_ARCH = YES;
				SDKROOT = iphoneos;
				SWIFT_ACTIVE_COMPILATION_CONDITIONS = DEBUG;
				SWIFT_OPTIMIZATION_LEVEL = "-Onone";
			};
			name = Debug;
		};
		12903215288024920024364C /* Release */ = {
			isa = XCBuildConfiguration;
			buildSettings = {
				ALWAYS_SEARCH_USER_PATHS = NO;
				CLANG_ANALYZER_NONNULL = YES;
				CLANG_ANALYZER_NUMBER_OBJECT_CONVERSION = YES_AGGRESSIVE;
				CLANG_CXX_LANGUAGE_STANDARD = "gnu++17";
				CLANG_ENABLE_MODULES = YES;
				CLANG_ENABLE_OBJC_ARC = YES;
				CLANG_ENABLE_OBJC_WEAK = YES;
				CLANG_WARN_BLOCK_CAPTURE_AUTORELEASING = YES;
				CLANG_WARN_BOOL_CONVERSION = YES;
				CLANG_WARN_COMMA = YES;
				CLANG_WARN_CONSTANT_CONVERSION = YES;
				CLANG_WARN_DEPRECATED_OBJC_IMPLEMENTATIONS = YES;
				CLANG_WARN_DIRECT_OBJC_ISA_USAGE = YES_ERROR;
				CLANG_WARN_DOCUMENTATION_COMMENTS = YES;
				CLANG_WARN_EMPTY_BODY = YES;
				CLANG_WARN_ENUM_CONVERSION = YES;
				CLANG_WARN_INFINITE_RECURSION = YES;
				CLANG_WARN_INT_CONVERSION = YES;
				CLANG_WARN_NON_LITERAL_NULL_CONVERSION = YES;
				CLANG_WARN_OBJC_IMPLICIT_RETAIN_SELF = YES;
				CLANG_WARN_OBJC_LITERAL_CONVERSION = YES;
				CLANG_WARN_OBJC_ROOT_CLASS = YES_ERROR;
				CLANG_WARN_QUOTED_INCLUDE_IN_FRAMEWORK_HEADER = YES;
				CLANG_WARN_RANGE_LOOP_ANALYSIS = YES;
				CLANG_WARN_STRICT_PROTOTYPES = YES;
				CLANG_WARN_SUSPICIOUS_MOVE = YES;
				CLANG_WARN_UNGUARDED_AVAILABILITY = YES_AGGRESSIVE;
				CLANG_WARN_UNREACHABLE_CODE = YES;
				CLANG_WARN__DUPLICATE_METHOD_MATCH = YES;
				COPY_PHASE_STRIP = NO;
				DEBUG_INFORMATION_FORMAT = "dwarf-with-dsym";
				ENABLE_NS_ASSERTIONS = NO;
				ENABLE_STRICT_OBJC_MSGSEND = YES;
				GCC_C_LANGUAGE_STANDARD = gnu11;
				GCC_NO_COMMON_BLOCKS = YES;
				GCC_WARN_64_TO_32_BIT_CONVERSION = YES;
				GCC_WARN_ABOUT_RETURN_TYPE = YES_ERROR;
				GCC_WARN_UNDECLARED_SELECTOR = YES;
				GCC_WARN_UNINITIALIZED_AUTOS = YES_AGGRESSIVE;
				GCC_WARN_UNUSED_FUNCTION = YES;
				GCC_WARN_UNUSED_VARIABLE = YES;
				IPHONEOS_DEPLOYMENT_TARGET = 15.5;
				MTL_ENABLE_DEBUG_INFO = NO;
				MTL_FAST_MATH = YES;
				SDKROOT = iphoneos;
				SWIFT_COMPILATION_MODE = wholemodule;
				SWIFT_OPTIMIZATION_LEVEL = "-O";
				VALIDATE_PRODUCT = YES;
			};
			name = Release;
		};
		12903217288024920024364C /* Debug */ = {
			isa = XCBuildConfiguration;
			buildSettings = {
				ASSETCATALOG_COMPILER_APPICON_NAME = AppIcon;
				ASSETCATALOG_COMPILER_GLOBAL_ACCENT_COLOR_NAME = AccentColor;
				CLANG_ENABLE_MODULES = YES;
				CODE_SIGN_STYLE = Automatic;
				CURRENT_PROJECT_VERSION = 1;
				DEVELOPMENT_TEAM = B8QMGNX782;
				GENERATE_INFOPLIST_FILE = YES;
				INFOPLIST_FILE = ELIOSAutoTest/Info.plist;
				INFOPLIST_KEY_UIApplicationSupportsIndirectInputEvents = YES;
				INFOPLIST_KEY_UILaunchStoryboardName = LaunchScreen;
				INFOPLIST_KEY_UISupportedInterfaceOrientations_iPad = "UIInterfaceOrientationPortrait UIInterfaceOrientationPortraitUpsideDown UIInterfaceOrientationLandscapeLeft UIInterfaceOrientationLandscapeRight";
				INFOPLIST_KEY_UISupportedInterfaceOrientations_iPhone = "UIInterfaceOrientationPortrait UIInterfaceOrientationLandscapeLeft UIInterfaceOrientationLandscapeRight";
				LD_RUNPATH_SEARCH_PATHS = (
					"$(inherited)",
					"@executable_path/Frameworks",
				);
				MARKETING_VERSION = 1.0;
				PRODUCT_BUNDLE_IDENTIFIER = abc.ELIOSAutoTest;
				PRODUCT_NAME = "$(TARGET_NAME)";
				SWIFT_EMIT_LOC_STRINGS = YES;
				SWIFT_OBJC_BRIDGING_HEADER = "ELIOSAutoTest/AppDelegate/ELIOSAutoTest-Bridging-Header.h";
				SWIFT_OPTIMIZATION_LEVEL = "-Onone";
				SWIFT_VERSION = 5.0;
				TARGETED_DEVICE_FAMILY = "1,2";
			};
			name = Debug;
		};
		12903218288024920024364C /* Release */ = {
			isa = XCBuildConfiguration;
			buildSettings = {
				ASSETCATALOG_COMPILER_APPICON_NAME = AppIcon;
				ASSETCATALOG_COMPILER_GLOBAL_ACCENT_COLOR_NAME = AccentColor;
				CLANG_ENABLE_MODULES = YES;
				CODE_SIGN_STYLE = Automatic;
				CURRENT_PROJECT_VERSION = 1;
				DEVELOPMENT_TEAM = B8QMGNX782;
				GENERATE_INFOPLIST_FILE = YES;
				INFOPLIST_FILE = ELIOSAutoTest/Info.plist;
				INFOPLIST_KEY_UIApplicationSupportsIndirectInputEvents = YES;
				INFOPLIST_KEY_UILaunchStoryboardName = LaunchScreen;
				INFOPLIST_KEY_UISupportedInterfaceOrientations_iPad = "UIInterfaceOrientationPortrait UIInterfaceOrientationPortraitUpsideDown UIInterfaceOrientationLandscapeLeft UIInterfaceOrientationLandscapeRight";
				INFOPLIST_KEY_UISupportedInterfaceOrientations_iPhone = "UIInterfaceOrientationPortrait UIInterfaceOrientationLandscapeLeft UIInterfaceOrientationLandscapeRight";
				LD_RUNPATH_SEARCH_PATHS = (
					"$(inherited)",
					"@executable_path/Frameworks",
				);
				MARKETING_VERSION = 1.0;
				PRODUCT_BUNDLE_IDENTIFIER = abc.ELIOSAutoTest;
				PRODUCT_NAME = "$(TARGET_NAME)";
				SWIFT_EMIT_LOC_STRINGS = YES;
				SWIFT_OBJC_BRIDGING_HEADER = "ELIOSAutoTest/AppDelegate/ELIOSAutoTest-Bridging-Header.h";
				SWIFT_VERSION = 5.0;
				TARGETED_DEVICE_FAMILY = "1,2";
			};
			name = Release;
		};
/* End XCBuildConfiguration section */

/* Begin XCConfigurationList section */
		129031FD288024900024364C /* Build configuration list for PBXProject "ELIOSAutoTest" */ = {
			isa = XCConfigurationList;
			buildConfigurations = (
				12903214288024920024364C /* Debug */,
				12903215288024920024364C /* Release */,
			);
			defaultConfigurationIsVisible = 0;
			defaultConfigurationName = Release;
		};
		12903216288024920024364C /* Build configuration list for PBXNativeTarget "ELIOSAutoTest" */ = {
			isa = XCConfigurationList;
			buildConfigurations = (
				12903217288024920024364C /* Debug */,
				12903218288024920024364C /* Release */,
			);
			defaultConfigurationIsVisible = 0;
			defaultConfigurationName = Release;
		};
/* End XCConfigurationList section */
	};
	rootObject = 129031FA288024900024364C /* Project object */;
}
